symfony 1f2e72d84aa9a4829185d6b2a0b814f6b933b30a
twig 396435ecd05556adb0a8bd05b14641cb4f8a8aa5
monolog 303b8a83c87d5c6d749926cf02620465a5dcd0f2
doctrine-common b385ca770888248241bd3086a40d5b3bd082a706
doctrine-dbal e0b69790ab1ffd646fd70a04fdb91e5dfbb3ccf1
doctrine 144d0de0ab61dffc738d7fb590cff8d77919f553
swiftmailer 8c3165691e36302405926abbae7526549db8b899
assetic f829ad23d23c87480151a21faad49fefe7c09e5d
twig-extensions feb6d3f10c411e2631997c0a905aa581c80305c1
metadata 8717ad2a5689480765d9ffafe925cd8a2457e582
SensioFrameworkExtraBundle 1eda94d838aa885e154f92f426df35f2252cdb92
JMSSecurityExtraBundle e752f888c51425f71382c056961f10f2be642102
SensioDistributionBundle 20b66a408084ad8752f98e50f10533f5245310bf
SensioGeneratorBundle 55ad81e65a1023ae07c67075ca49c55556e047bf
AsseticBundle 41b5913b5086a0909af92adcb4a6005ee0051b16
SonataAdminBundle a48db227d85586bb2ef68efc1550369d01701a78
SonataBlockBundle c85e73cc439d98ac6415681477dfee5be40be541
SonataCacheBundle 5b966e7350636750df7e45920acb30946415ba6d
SonatajQueryBundle 01ffb8d1a7a4bb3971aed003e4f1ef050a0701aa
KnpMenuBundle f77e97924164b5500a15a209243e4c71fe466306
KnpMenu a5bcd4248c31d87a49a33452589f458719eb48b5
Exporter bcdfd50bc3118173d914e790921701ab26fb6b14
SonataDoctrineORMAdminBundle 0dbd38798a962b377136b3d4da24c651ad589af2
SonataEasyExtendsBundle a01068d79ac160105c1d757b9e3e65f74064803c
FOSUserBundle 14d5e7a18007c3bd34a7161fa1defd4ac1daa648
SonataUserBundle 7d6a3c43c1b68f84b016e53c9a6f1138c5da9f55
EWZRecaptchaBundle a589df2fe1e75233ca3f1832daa18d48d0f41207
DoctrineSluggableBundle cc3dc98457a723b69827d47a0ca5cb6655c699ee
SonataDoctrineExtensions 0a316790871e1ea7f019e2313667570eabd270b9